
Microsoft Visual Studio Solution File, Format Version 12.00
# Visual Studio 15
VisualStudioVersion = 15.0.28307.572
MinimumVisualStudioVersion = 10.0.40219.1
Project("{FAE04EC0-301F-11D3-BF4B-00C04F79EFBC}") = "HelloService", "HelloService\HelloService.csproj", "{DC18E0DB-FE58-47F7-B0A5-C7045F77A084}"
EndProject
Global
	GlobalSection(SolutionConfigurationPlatforms) = preSolution
		Debug|Any CPU = Debug|Any CPU
		Release|Any CPU = Release|Any CPU
	EndGlobalSection
	GlobalSection(ProjectConfigurationPlatforms) = postSolution
		{DC18E0DB-FE58-47F7-B0A5-C7045F77A084}.Debug|Any CPU.ActiveCfg = Debug|Any CPU
		{DC18E0DB-FE58-47F7-B0A5-C7045F77A084}.Debug|Any CPU.Build.0 = Debug|Any CPU
		{DC18E0DB-FE58-47F7-B0A5-C7045F77A084}.Release|Any CPU.ActiveCfg = Release|Any CPU
		{DC18E0DB-FE58-47F7-B0A5-C7045F77A084}.Release|Any CPU.Build.0 = Release|Any CPU
	EndGlobalSection
	GlobalSection(SolutionProperties) = preSolution
		HideSolutionNode = FALSE
	EndGlobalSection
	GlobalSection(ExtensibilityGlobals) = postSolution
		SolutionGuid = {A88C81BA-BBA3-43F7-8A09-85B41BBB32D2}
	EndGlobalSection
EndGlobal
